
Microsoft Visual Studio Solution File, Format Version 12.00
# Visual Studio Version 17
VisualStudioVersion = 17.13.35818.85 d17.13
MinimumVisualStudioVersion = 10.0.40219.1
Project("{FAE04EC0-301F-11D3-BF4B-00C04F79EFBC}") = "SteevesLab3", "SteevesLab3\SteevesLab3.csproj", "{82F32CD0-DF07-4AA2-942C-DC4A62DAB749}"
EndProject
Global
	GlobalSection(SolutionConfigurationPlatforms) = preSolution
		Debug|Any CPU = Debug|Any CPU
		Release|Any CPU = Release|Any CPU
	EndGlobalSection
	GlobalSection(ProjectConfigurationPlatforms) = postSolution
		{82F32CD0-DF07-4AA2-942C-DC4A62DAB749}.Debug|Any CPU.ActiveCfg = Debug|Any CPU
		{82F32CD0-DF07-4AA2-942C-DC4A62DAB749}.Debug|Any CPU.Build.0 = Debug|Any CPU
		{82F32CD0-DF07-4AA2-942C-DC4A62DAB749}.Release|Any CPU.ActiveCfg = Release|Any CPU
		{82F32CD0-DF07-4AA2-942C-DC4A62DAB749}.Release|Any CPU.Build.0 = Release|Any CPU
	EndGlobalSection
	GlobalSection(SolutionProperties) = preSolution
		HideSolutionNode = FALSE
	EndGlobalSection
	GlobalSection(ExtensibilityGlobals) = postSolution
		SolutionGuid = {711299FA-8C4B-4D31-AB34-BD34CA5BB60C}
	EndGlobalSection
EndGlobal
